
Microsoft Visual Studio Solution File, Format Version 12.00
# Visual Studio Version 17
VisualStudioVersion = 17.6.33723.286
MinimumVisualStudioVersion = 10.0.40219.1
Project("{9A19103F-16F7-4668-BE54-9A1E7A4F7556}") = "RepititMe.Domain", "RepititMe.Domain\RepititMe.Domain.csproj", "{40BAE0EB-A96D-45C8-949A-637FEEF0CFC1}"
EndProject
Project("{9A19103F-16F7-4668-BE54-9A1E7A4F7556}") = "RepititMe.Application", "RepititMe.Application\RepititMe.Application.csproj", "{2A26EC48-8420-4768-8054-6AF614A81514}"
EndProject
Project("{9A19103F-16F7-4668-BE54-9A1E7A4F7556}") = "RepititMe.Infrastructure", "RepititMe.Infrastructure\RepititMe.Infrastructure.csproj", "{53071921-59CD-4777-A43B-64637B44C0FD}"
EndProject
Project("{9A19103F-16F7-4668-BE54-9A1E7A4F7556}") = "RepititMe.Api", "RepititMe.Api\RepititMe.Api.csproj", "{63768F88-5133-4D12-8661-C1791338F8FD}"
EndProject
Project("{E53339B2-1760-4266-BCC7-CA923CBCF16C}") = "docker-compose", "docker-compose.dcproj", "{20FC5E6B-78C7-4C6E-AD98-D499379742E6}"
EndProject
Global
	GlobalSection(SolutionConfigurationPlatforms) = preSolution
		Debug|Any CPU = Debug|Any CPU
		Release|Any CPU = Release|Any CPU
	EndGlobalSection
	GlobalSection(ProjectConfigurationPlatforms) = postSolution
		{40BAE0EB-A96D-45C8-949A-637FEEF0CFC1}.Debug|Any CPU.ActiveCfg = Debug|Any CPU
		{40BAE0EB-A96D-45C8-949A-637FEEF0CFC1}.Debug|Any CPU.Build.0 = Debug|Any CPU
		{40BAE0EB-A96D-45C8-949A-637FEEF0CFC1}.Release|Any CPU.ActiveCfg = Release|Any CPU
		{40BAE0EB-A96D-45C8-949A-637FEEF0CFC1}.Release|Any CPU.Build.0 = Release|Any CPU
		{2A26EC48-8420-4768-8054-6AF614A81514}.Debug|Any CPU.ActiveCfg = Debug|Any CPU
		{2A26EC48-8420-4768-8054-6AF614A81514}.Debug|Any CPU.Build.0 = Debug|Any CPU
		{2A26EC48-8420-4768-8054-6AF614A81514}.Release|Any CPU.ActiveCfg = Release|Any CPU
		{2A26EC48-8420-4768-8054-6AF614A81514}.Release|Any CPU.Build.0 = Release|Any CPU
		{53071921-59CD-4777-A43B-64637B44C0FD}.Debug|Any CPU.ActiveCfg = Debug|Any CPU
		{53071921-59CD-4777-A43B-64637B44C0FD}.Debug|Any CPU.Build.0 = Debug|Any CPU
		{53071921-59CD-4777-A43B-64637B44C0FD}.Release|Any CPU.ActiveCfg = Release|Any CPU
		{53071921-59CD-4777-A43B-64637B44C0FD}.Release|Any CPU.Build.0 = Release|Any CPU
		{63768F88-5133-4D12-8661-C1791338F8FD}.Debug|Any CPU.ActiveCfg = Debug|Any CPU
		{63768F88-5133-4D12-8661-C1791338F8FD}.Debug|Any CPU.Build.0 = Debug|Any CPU
		{63768F88-5133-4D12-8661-C1791338F8FD}.Release|Any CPU.ActiveCfg = Release|Any CPU
		{63768F88-5133-4D12-8661-C1791338F8FD}.Release|Any CPU.Build.0 = Release|Any CPU
		{20FC5E6B-78C7-4C6E-AD98-D499379742E6}.Debug|Any CPU.ActiveCfg = Debug|Any CPU
		{20FC5E6B-78C7-4C6E-AD98-D499379742E6}.Debug|Any CPU.Build.0 = Debug|Any CPU
		{20FC5E6B-78C7-4C6E-AD98-D499379742E6}.Release|Any CPU.ActiveCfg = Release|Any CPU
		{20FC5E6B-78C7-4C6E-AD98-D499379742E6}.Release|Any CPU.Build.0 = Release|Any CPU
	EndGlobalSection
	GlobalSection(SolutionProperties) = preSolution
		HideSolutionNode = FALSE
	EndGlobalSection
	GlobalSection(ExtensibilityGlobals) = postSolution
		SolutionGuid = {82E78539-3A60-4F84-8F62-A216B79A9F87}
	EndGlobalSection
EndGlobal
